<?xml version="1.0" encoding="utf-8"?>
<Project ToolsVersion="4.0" xmlns="http://schemas.microsoft.com/developer/msbuild/2003">
  <ItemGroup>
    <Filter Include="Source Files">
      <UniqueIdentifier>{4FC737F1-C7A5-4376-A066-2A32D752A2FF}</UniqueIdentifier>
      <Extensions>cpp;c;cc;cxx;c++;cppm;ixx;def;odl;idl;hpj;bat;asm;asmx</Extensions>
    </Filter>
    <Filter Include="Header Files">
      <UniqueIdentifier>{93995380-89BD-4b04-88EB-625FBE52EBFB}</UniqueIdentifier>
      <Extensions>h;hh;hpp;hxx;h++;hm;inl;inc;ipp;xsd</Extensions>
    </Filter>
    <Filter Include="Resource Files">
      <UniqueIdentifier>{67DA6AB6-F800-4c08-8B7A-83BB121AAD01}</UniqueIdentifier>
      <Extensions>rc;ico;cur;bmp;dlg;rc2;rct;bin;rgs;gif;jpg;jpeg;jpe;resx;tiff;tif;png;wav;mfcribbon-ms</Extensions>
    </Filter>
    <Filter Include="Resource Files\Models">
      <UniqueIdentifier>{8d4cb318-0b98-48af-8395-29b593360ac2}</UniqueIdentifier>
    </Filter>
    <Filter Include="Resource Files\Textures">
      <UniqueIdentifier>{e844d034-cf1d-49d4-89d3-35ea659297d4}</UniqueIdentifier>
    </Filter>
    <Filter Include="Source Files\Shaders">
      <UniqueIdentifier>{0223c3f4-ae64-40cc-bf8e-42ea4f8f5f66}</UniqueIdentifier>
    </Filter>
  </ItemGroup>
  <ItemGroup>
    <ClCompile Include="main.cpp">
      <Filter>Source Files</Filter>
    </ClCompile>
    <ClCompile Include="Mesh.cpp">
      <Filter>Source Files</Filter>
    </ClCompile>
    <ClCompile Include="Quad.cpp">
      <Filter>Source Files</Filter>
    </ClCompile>
    <ClCompile Include="Renderable.cpp">
      <Filter>Source Files</Filter>
    </ClCompile>
    <ClCompile Include="Shader.cpp">
      <Filter>Source Files</Filter>
    </ClCompile>
    <ClCompile Include="Skybox.cpp">
      <Filter>Source Files</Filter>
    </ClCompile>
    <ClCompile Include="Util.cpp">
      <Filter>Source Files</Filter>
    </ClCompile>
  </ItemGroup>
  <ItemGroup>
    <ClInclude Include="Mesh.h">
      <Filter>Header Files</Filter>
    </ClInclude>
    <ClInclude Include="Quad.h">
      <Filter>Header Files</Filter>
    </ClInclude>
    <ClInclude Include="Renderable.h">
      <Filter>Header Files</Filter>
    </ClInclude>
    <ClInclude Include="Shader.h">
      <Filter>Header Files</Filter>
    </ClInclude>
    <ClInclude Include="Skybox.h">
      <Filter>Header Files</Filter>
    </ClInclude>
    <ClInclude Include="stb_image.h">
      <Filter>Header Files</Filter>
    </ClInclude>
    <ClInclude Include="Util.h">
      <Filter>Header Files</Filter>
    </ClInclude>
  </ItemGroup>
  <ItemGroup>
    <Object Include="armadillo.obj">
      <Filter>Resource Files\Models</Filter>
    </Object>
    <Object Include="bunny.obj">
      <Filter>Resource Files\Models</Filter>
    </Object>
    <Object Include="cube.obj">
      <Filter>Resource Files\Models</Filter>
    </Object>
    <Object Include="teapot.obj">
      <Filter>Resource Files\Models</Filter>
    </Object>
  </ItemGroup>
  <ItemGroup>
    <Image Include="back.jpg">
      <Filter>Resource Files\Textures</Filter>
    </Image>
    <Image Include="bottom.jpg">
      <Filter>Resource Files\Textures</Filter>
    </Image>
    <Image Include="front.jpg">
      <Filter>Resource Files\Textures</Filter>
    </Image>
    <Image Include="left.jpg">
      <Filter>Resource Files\Textures</Filter>
    </Image>
    <Image Include="right.jpg">
      <Filter>Resource Files\Textures</Filter>
    </Image>
    <Image Include="top.jpg">
      <Filter>Resource Files\Textures</Filter>
    </Image>
  </ItemGroup>
  <ItemGroup>
    <None Include="firstPassFrag.glsl">
      <Filter>Source Files\Shaders</Filter>
    </None>
    <None Include="firstPassVert.glsl">
      <Filter>Source Files\Shaders</Filter>
    </None>
    <None Include="frag.glsl">
      <Filter>Source Files\Shaders</Filter>
    </None>
    <None Include="reflFrag.glsl">
      <Filter>Source Files\Shaders</Filter>
    </None>
    <None Include="reflVert.glsl">
      <Filter>Source Files\Shaders</Filter>
    </None>
    <None Include="secondPassFrag.glsl">
      <Filter>Source Files\Shaders</Filter>
    </None>
    <None Include="secondPassVert.glsl">
      <Filter>Source Files\Shaders</Filter>
    </None>
    <None Include="skyFrag.glsl">
      <Filter>Source Files\Shaders</Filter>
    </None>
    <None Include="skyVert.glsl">
      <Filter>Source Files\Shaders</Filter>
    </None>
    <None Include="vert.glsl">
      <Filter>Source Files\Shaders</Filter>
    </None>
  </ItemGroup>
</Project>